// !$*UTF8*$!
{
	archiveVersion = 1;
	classes = {
	};
	objectVersion = 46;
	objects = {

/* Begin PBXBuildFile section */
		BB037C27151799FB00DE56C1 /* test2.jpg in Resources */ = {isa = PBXBuildFile; fileRef = BB037C26151799FB00DE56C1 /* test2.jpg */; };
		BB056164154E993600FE1640 /* Default.png in Resources */ = {isa = PBXBuildFile; fileRef = BB056163154E993600FE1640 /* Default.png */; };
		BB056166154E994800FE1640 /* Default@2x.png in Resources */ = {isa = PBXBuildFile; fileRef = BB056165154E994800FE1640 /* Default@2x.png */; };
		BB056168154E9AEE00FE1640 /* helpIcon.png in Resources */ = {isa = PBXBuildFile; fileRef = BB056167154E9AEE00FE1640 /* helpIcon.png */; };
		BB05616A154E9BDE00FE1640 /* playbar.png in Resources */ = {isa = PBXBuildFile; fileRef = BB056169154E9BDE00FE1640 /* playbar.png */; };
		BB05616C154E9DD900FE1640 /* synth.wav in Resources */ = {isa = PBXBuildFile; fileRef = BB05616B154E9DD900FE1640 /* synth.wav */; };
		BB05616E154EA17D00FE1640 /* simplereplaybuttonblue.png in Resources */ = {isa = PBXBuildFile; fileRef = BB05616D154EA17D00FE1640 /* simplereplaybuttonblue.png */; };
		BB056170154EA21000FE1640 /* phototunes.png in Resources */ = {isa = PBXBuildFile; fileRef = BB05616F154EA21000FE1640 /* phototunes.png */; };
		BB2B1350150E443400443348 /* AVFoundation.framework in Frameworks */ = {isa = PBXBuildFile; fileRef = BB2B134F150E443400443348 /* AVFoundation.framework */; };
		BB36870C150623D3002624BB /* simpleinstrument.pd in Resources */ = {isa = PBXBuildFile; fileRef = BB36870B150623D3002624BB /* simpleinstrument.pd */; };
		BB36870E150623DC002624BB /* filterzero.pd in Resources */ = {isa = PBXBuildFile; fileRef = BB36870D150623DC002624BB /* filterzero.pd */; };
		BB3ACB321483E5DD003014D1 /* UIKit.framework in Frameworks */ = {isa = PBXBuildFile; fileRef = BB3ACB311483E5DD003014D1 /* UIKit.framework */; };
		BB3ACB341483E5DD003014D1 /* Foundation.framework in Frameworks */ = {isa = PBXBuildFile; fileRef = BB3ACB331483E5DD003014D1 /* Foundation.framework */; };
		BB3ACB361483E5DD003014D1 /* CoreGraphics.framework in Frameworks */ = {isa = PBXBuildFile; fileRef = BB3ACB351483E5DD003014D1 /* CoreGraphics.framework */; };
		BB3ACB3C1483E5DD003014D1 /* InfoPlist.strings in Resources */ = {isa = PBXBuildFile; fileRef = BB3ACB3A1483E5DD003014D1 /* InfoPlist.strings */; };
		BB3ACB3E1483E5DD003014D1 /* main.m in Sources */ = {isa = PBXBuildFile; fileRef = BB3ACB3D1483E5DD003014D1 /* main.m */; };
		BB3ACB421483E5DE003014D1 /* AppDelegate.m in Sources */ = {isa = PBXBuildFile; fileRef = BB3ACB411483E5DE003014D1 /* AppDelegate.m */; };
		BB3ACB451483E5DE003014D1 /* ViewController.m in Sources */ = {isa = PBXBuildFile; fileRef = BB3ACB441483E5DE003014D1 /* ViewController.m */; };
		BB3ACB481483E5DE003014D1 /* ViewController_iPhone.xib in Resources */ = {isa = PBXBuildFile; fileRef = BB3ACB461483E5DE003014D1 /* ViewController_iPhone.xib */; };
		BB3ACB4B1483E5DE003014D1 /* ViewController_iPad.xib in Resources */ = {isa = PBXBuildFile; fileRef = BB3ACB491483E5DE003014D1 /* ViewController_iPad.xib */; };
		BB3ACB531483E5DE003014D1 /* SenTestingKit.framework in Frameworks */ = {isa = PBXBuildFile; fileRef = BB3ACB521483E5DE003014D1 /* SenTestingKit.framework */; };
		BB3ACB541483E5DE003014D1 /* UIKit.framework in Frameworks */ = {isa = PBXBuildFile; fileRef = BB3ACB311483E5DD003014D1 /* UIKit.framework */; };
		BB3ACB551483E5DE003014D1 /* Foundation.framework in Frameworks */ = {isa = PBXBuildFile; fileRef = BB3ACB331483E5DD003014D1 /* Foundation.framework */; };
		BB3ACB5D1483E5DE003014D1 /* InfoPlist.strings in Resources */ = {isa = PBXBuildFile; fileRef = BB3ACB5B1483E5DE003014D1 /* InfoPlist.strings */; };
		BB3ACB601483E5DE003014D1 /* ImageProcessingTests.m in Sources */ = {isa = PBXBuildFile; fileRef = BB3ACB5F1483E5DE003014D1 /* ImageProcessingTests.m */; };
		BB3ACB6D1483E614003014D1 /* ImageProperties.m in Sources */ = {isa = PBXBuildFile; fileRef = BB3ACB6A1483E614003014D1 /* ImageProperties.m */; };
		BB3ACB6E1483E614003014D1 /* ImageSlice.m in Sources */ = {isa = PBXBuildFile; fileRef = BB3ACB6C1483E614003014D1 /* ImageSlice.m */; };
		BB46572314CDAC9300318F89 /* CoreGraphics.framework in Frameworks */ = {isa = PBXBuildFile; fileRef = BB3ACB351483E5DD003014D1 /* CoreGraphics.framework */; };
		BB46572614CDB41E00318F89 /* Util.m in Sources */ = {isa = PBXBuildFile; fileRef = BB46572514CDB41E00318F89 /* Util.m */; };
		BB51EF7C154E90D800139C27 /* icon.png in Resources */ = {isa = PBXBuildFile; fileRef = BB51EF79154E90D800139C27 /* icon.png */; };
		BB51EF7D154E90D800139C27 /* icon@2x.png in Resources */ = {isa = PBXBuildFile; fileRef = BB51EF7A154E90D800139C27 /* icon@2x.png */; };
		BB51EF8B154E94F500139C27 /* savebutton.png in Resources */ = {isa = PBXBuildFile; fileRef = BB51EF8A154E94F500139C27 /* savebutton.png */; };
		BB51EF8F154E982500139C27 /* Microphone_Icon_clip_art_small.png in Resources */ = {isa = PBXBuildFile; fileRef = BB51EF8E154E982500139C27 /* Microphone_Icon_clip_art_small.png */; };
		BB51EF91154E98B400139C27 /* Default.png in Resources */ = {isa = PBXBuildFile; fileRef = BB51EF90154E98B400139C27 /* Default.png */; };
		BB51EF93154E98B900139C27 /* Default@2x.png in Resources */ = {isa = PBXBuildFile; fileRef = BB51EF92154E98B900139C27 /* Default@2x.png */; };
		BB61EB6B15455CFF0000F2FE /* libJSONKit.a in Frameworks */ = {isa = PBXBuildFile; fileRef = BB61EB5315455C910000F2FE /* libJSONKit.a */; };
		BB61EB6C15455CFF0000F2FE /* libOAuth2Client.a in Frameworks */ = {isa = PBXBuildFile; fileRef = BB61EB6115455C970000F2FE /* libOAuth2Client.a */; };
		BB61EB6D15455CFF0000F2FE /* libOHAttributedLabel.a in Frameworks */ = {isa = PBXBuildFile; fileRef = BB61EB6A15455C9D0000F2FE /* libOHAttributedLabel.a */; };
		BB61EB6F15455CFF0000F2FE /* libSoundCloudUI.a in Frameworks */ = {isa = PBXBuildFile; fileRef = BB61EB4715455C890000F2FE /* libSoundCloudUI.a */; };
		BB61EB7115455D0E0000F2FE /* CoreText.framework in Frameworks */ = {isa = PBXBuildFile; fileRef = BB61EB7015455D0E0000F2FE /* CoreText.framework */; };
		BB61EB7315455D1B0000F2FE /* CoreLocation.framework in Frameworks */ = {isa = PBXBuildFile; fileRef = BB61EB7215455D1B0000F2FE /* CoreLocation.framework */; };
		BB61EB7615455D240000F2FE /* AddressBook.framework in Frameworks */ = {isa = PBXBuildFile; fileRef = BB61EB7415455D240000F2FE /* AddressBook.framework */; };
		BB61EB7715455D240000F2FE /* AddressBookUI.framework in Frameworks */ = {isa = PBXBuildFile; fileRef = BB61EB7515455D240000F2FE /* AddressBookUI.framework */; };
		BB61EB7915455D2B0000F2FE /* QuartzCore.framework in Frameworks */ = {isa = PBXBuildFile; fileRef = BB61EB7815455D2B0000F2FE /* QuartzCore.framework */; };
		BB61EB7B15455D330000F2FE /* Security.framework in Frameworks */ = {isa = PBXBuildFile; fileRef = BB61EB7A15455D330000F2FE /* Security.framework */; };
		BB61EBA5154569CC0000F2FE /* SoundCloud.bundle in Resources */ = {isa = PBXBuildFile; fileRef = BB61EBA4154569CC0000F2FE /* SoundCloud.bundle */; };
		BB67251615064D9600D96D0D /* bass.wav in Resources */ = {isa = PBXBuildFile; fileRef = BB67251115064D9600D96D0D /* bass.wav */; };
		BB67251715064D9600D96D0D /* hihat.wav in Resources */ = {isa = PBXBuildFile; fileRef = BB67251215064D9600D96D0D /* hihat.wav */; };
		BB67251815064D9600D96D0D /* ride.wav in Resources */ = {isa = PBXBuildFile; fileRef = BB67251315064D9600D96D0D /* ride.wav */; };
		BB67251915064D9600D96D0D /* snare.wav in Resources */ = {isa = PBXBuildFile; fileRef = BB67251415064D9600D96D0D /* snare.wav */; };
		BB67251A15064D9600D96D0D /* splash.wav in Resources */ = {isa = PBXBuildFile; fileRef = BB67251515064D9600D96D0D /* splash.wav */; };
		BB833786150A5AA000D1E52E /* playbutton.png in Resources */ = {isa = PBXBuildFile; fileRef = BB833785150A5AA000D1E52E /* playbutton.png */; };
		BB833788150A5AFB00D1E52E /* stopbutton.png in Resources */ = {isa = PBXBuildFile; fileRef = BB833787150A5AFB00D1E52E /* stopbutton.png */; };
		BB83378A150A5B1A00D1E52E /* replaybutton.png in Resources */ = {isa = PBXBuildFile; fileRef = BB833789150A5B1A00D1E52E /* replaybutton.png */; };
		BB83378C150A5BF400D1E52E /* pausebutton.png in Resources */ = {isa = PBXBuildFile; fileRef = BB83378B150A5BF400D1E52E /* pausebutton.png */; };
		BB83BC5814F28F2200226E16 /* polytracker.pd in Resources */ = {isa = PBXBuildFile; fileRef = BB83BC5714F28F2200226E16 /* polytracker.pd */; };
		BB83BC5A14F2904D00226E16 /* bell.aiff in Resources */ = {isa = PBXBuildFile; fileRef = BB83BC5914F2904D00226E16 /* bell.aiff */; };
		BB83BC5E14FBC09600226E16 /* libpd-ios.a in Frameworks */ = {isa = PBXBuildFile; fileRef = BBE5ED0C14CD817E005DB0DC /* libpd-ios.a */; };
		BB873A5314E9214D00CE09FA /* vocoder.pd in Resources */ = {isa = PBXBuildFile; fileRef = BB873A5214E9214D00CE09FA /* vocoder.pd */; };
		BB873A5514E9215C00CE09FA /* a.wav in Resources */ = {isa = PBXBuildFile; fileRef = BB873A5414E9215C00CE09FA /* a.wav */; };
		BB9AE723148D2868004E608A /* AudioToolbox.framework in Frameworks */ = {isa = PBXBuildFile; fileRef = BB9AE722148D2868004E608A /* AudioToolbox.framework */; };
		BB9AE725148D28DA004E608A /* soundsystem.pd in Resources */ = {isa = PBXBuildFile; fileRef = BB9AE724148D28DA004E608A /* soundsystem.pd */; };
		BBC0C4E3154ED9630024197E /* camera.png in Resources */ = {isa = PBXBuildFile; fileRef = BBC0C4E2154ED9630024197E /* camera.png */; };
		BBC0C4E6154EDBCA0024197E /* cameratiny.png in Resources */ = {isa = PBXBuildFile; fileRef = BBC0C4E4154EDBCA0024197E /* cameratiny.png */; };
		BBC0C4E7154EDBCA0024197E /* share.png in Resources */ = {isa = PBXBuildFile; fileRef = BBC0C4E5154EDBCA0024197E /* share.png */; };
		BBC0C4E9154EE2FA0024197E /* folder.png in Resources */ = {isa = PBXBuildFile; fileRef = BBC0C4E8154EE2FA0024197E /* folder.png */; };
		BBCFADD01517471B00671008 /* InstrumentSelector.m in Sources */ = {isa = PBXBuildFile; fileRef = BBCFADCF1517471B00671008 /* InstrumentSelector.m */; };
		BBCFADD3151773B500671008 /* ProgressScreen.m in Sources */ = {isa = PBXBuildFile; fileRef = BBCFADD2151773B500671008 /* ProgressScreen.m */; };
		BBD1BDA614D2E81200D54C01 /* homeIcon.png in Resources */ = {isa = PBXBuildFile; fileRef = BBD1BDA514D2E81200D54C01 /* homeIcon.png */; };
		BBD1BDA814D2E86C00D54C01 /* settingsIcon.png in Resources */ = {isa = PBXBuildFile; fileRef = BBD1BDA714D2E86C00D54C01 /* settingsIcon.png */; };
		BBD3328314CD7C0900582A54 /* images.jpeg in Resources */ = {isa = PBXBuildFile; fileRef = BBD3328214CD7C0900582A54 /* images.jpeg */; };
/* End PBXBuildFile section */

/* Begin PBXContainerItemProxy section */
		BB3ACB561483E5DE003014D1 /* PBXContainerItemProxy */ = {
			isa = PBXContainerItemProxy;
			containerPortal = BB3ACB241483E5DD003014D1 /* Project object */;
			proxyType = 1;
			remoteGlobalIDString = BB3ACB2C1483E5DD003014D1;
			remoteInfo = ImageProcessing;
		};
		BB61EB4615455C890000F2FE /* PBXContainerItemProxy */ = {
			isa = PBXContainerItemProxy;
			containerPortal = BB61EB3E15455C890000F2FE /* SoundCloudUI.xcodeproj */;
			proxyType = 2;
			remoteGlobalIDString = F6EF8C6113F929D700B20B40;
			remoteInfo = libSoundCloudUI;
		};
		BB61EB4815455C890000F2FE /* PBXContainerItemProxy */ = {
			isa = PBXContainerItemProxy;
			containerPortal = BB61EB3E15455C890000F2FE /* SoundCloudUI.xcodeproj */;
			proxyType = 2;
			remoteGlobalIDString = F62E0CE5148FB27100BE8F14;
			remoteInfo = SoundCloudUI.framework;
		};
		BB61EB5215455C910000F2FE /* PBXContainerItemProxy */ = {
			isa = PBXContainerItemProxy;
			containerPortal = BB61EB4A15455C910000F2FE /* JSONKit.xcodeproj */;
			proxyType = 2;
			remoteGlobalIDString = F6803523148F6D22008A51BA;
			remoteInfo = libJSONKit;
		};
		BB61EB5415455C910000F2FE /* PBXContainerItemProxy */ = {
			isa = PBXContainerItemProxy;
			containerPortal = BB61EB4A15455C910000F2FE /* JSONKit.xcodeproj */;
			proxyType = 2;
			remoteGlobalIDString = F6AE0202148F825C0004909F;
			remoteInfo = JSONKit.framework;
		};
		BB61EB5E15455C970000F2FE /* PBXContainerItemProxy */ = {
			isa = PBXContainerItemProxy;
			containerPortal = BB61EB5615455C970000F2FE /* OAuth2Client.xcodeproj */;
			proxyType = 2;
			remoteGlobalIDString = 942FFCD612315E0A00E6C65E;
			remoteInfo = OAuth2Client.framework;
		};
		BB61EB6015455C970000F2FE /* PBXContainerItemProxy */ = {
			isa = PBXContainerItemProxy;
			containerPortal = BB61EB5615455C970000F2FE /* OAuth2Client.xcodeproj */;
			proxyType = 2;
			remoteGlobalIDString = D2AAC07E0554694100DB518D;
			remoteInfo = OAuth2Client;
		};
		BB61EB6915455C9D0000F2FE /* PBXContainerItemProxy */ = {
			isa = PBXContainerItemProxy;
			containerPortal = BB61EB6215455C9D0000F2FE /* OHAttributedLabel.xcodeproj */;
			proxyType = 2;
			remoteGlobalIDString = F62728FA148F70DF00314599;
			remoteInfo = OHAttributedLabel;
		};
		BB61EB9315455D770000F2FE /* PBXContainerItemProxy */ = {
			isa = PBXContainerItemProxy;
			containerPortal = BB61EB3515455C540000F2FE /* SoundCloudAPI.xcodeproj */;
			proxyType = 2;
			remoteGlobalIDString = 94535F86123FAFDF00BD668A;
			remoteInfo = SoundCloudAPI.framework;
		};
		BB61EB9515455D770000F2FE /* PBXContainerItemProxy */ = {
			isa = PBXContainerItemProxy;
			containerPortal = BB61EB3515455C540000F2FE /* SoundCloudAPI.xcodeproj */;
			proxyType = 2;
			remoteGlobalIDString = D2AAC07E0554694100DB518D;
			remoteInfo = SoundCloudAPI;
		};
		BB61EB97154568390000F2FE /* PBXContainerItemProxy */ = {
			isa = PBXContainerItemProxy;
			containerPortal = BB61EB3E15455C890000F2FE /* SoundCloudUI.xcodeproj */;
			proxyType = 1;
			remoteGlobalIDString = F6EF8C6013F929D700B20B40;
			remoteInfo = libSoundCloudUI;
		};
		BB61EB99154568390000F2FE /* PBXContainerItemProxy */ = {
			isa = PBXContainerItemProxy;
			containerPortal = BB61EB4A15455C910000F2FE /* JSONKit.xcodeproj */;
			proxyType = 1;
			remoteGlobalIDString = F6803522148F6D22008A51BA;
			remoteInfo = libJSONKit;
		};
		BB61EB9B154568390000F2FE /* PBXContainerItemProxy */ = {
			isa = PBXContainerItemProxy;
			containerPortal = BB61EB5615455C970000F2FE /* OAuth2Client.xcodeproj */;
			proxyType = 1;
			remoteGlobalIDString = D2AAC07D0554694100DB518D;
			remoteInfo = OAuth2Client;
		};
		BB61EB9D154568390000F2FE /* PBXContainerItemProxy */ = {
			isa = PBXContainerItemProxy;
			containerPortal = BB61EB6215455C9D0000F2FE /* OHAttributedLabel.xcodeproj */;
			proxyType = 1;
			remoteGlobalIDString = F62728F9148F70DF00314599;
			remoteInfo = OHAttributedLabel;
		};
		BB61EB9F154568390000F2FE /* PBXContainerItemProxy */ = {
			isa = PBXContainerItemProxy;
			containerPortal = BB61EB3515455C540000F2FE /* SoundCloudAPI.xcodeproj */;
			proxyType = 1;
			remoteGlobalIDString = D2AAC07D0554694100DB518D;
			remoteInfo = SoundCloudAPI;
		};
		BB83BC5C14FBC04A00226E16 /* PBXContainerItemProxy */ = {
			isa = PBXContainerItemProxy;
			containerPortal = BBE5ED0414CD817E005DB0DC /* libpd.xcodeproj */;
			proxyType = 1;
			remoteGlobalIDString = D2AAC07D0554694100DB518D;
			remoteInfo = libpd;
		};
		BBE5ED0B14CD817E005DB0DC /* PBXContainerItemProxy */ = {
			isa = PBXContainerItemProxy;
			containerPortal = BBE5ED0414CD817E005DB0DC /* libpd.xcodeproj */;
			proxyType = 2;
			remoteGlobalIDString = D2AAC07E0554694100DB518D;
			remoteInfo = libpd;
		};
/* End PBXContainerItemProxy section */

/* Begin PBXFileReference section */
		BB037C26151799FB00DE56C1 /* test2.jpg */ = {isa = PBXFileReference; lastKnownFileType = image.jpeg; path = test2.jpg; sourceTree = "<group>"; };
		BB056163154E993600FE1640 /* Default.png */ = {isa = PBXFileReference; lastKnownFileType = image.png; path = Default.png; sourceTree = "<group>"; };
		BB056165154E994800FE1640 /* Default@2x.png */ = {isa = PBXFileReference; lastKnownFileType = image.png; path = "Default@2x.png"; sourceTree = "<group>"; };
		BB056167154E9AEE00FE1640 /* helpIcon.png */ = {isa = PBXFileReference; lastKnownFileType = image.png; path = helpIcon.png; sourceTree = "<group>"; };
		BB056169154E9BDE00FE1640 /* playbar.png */ = {isa = PBXFileReference; lastKnownFileType = image.png; path = playbar.png; sourceTree = "<group>"; };
		BB05616B154E9DD900FE1640 /* synth.wav */ = {isa = PBXFileReference; lastKnownFileType = audio.wav; path = synth.wav; sourceTree = "<group>"; };
		BB05616D154EA17D00FE1640 /* simplereplaybuttonblue.png */ = {isa = PBXFileReference; lastKnownFileType = image.png; path = simplereplaybuttonblue.png; sourceTree = "<group>"; };
		BB05616F154EA21000FE1640 /* phototunes.png */ = {isa = PBXFileReference; lastKnownFileType = image.png; path = phototunes.png; sourceTree = "<group>"; };
		BB2B134F150E443400443348 /* AVFoundation.framework */ = {isa = PBXFileReference; lastKnownFileType = wrapper.framework; name = AVFoundation.framework; path = System/Library/Frameworks/AVFoundation.framework; sourceTree = SDKROOT; };
		BB36870B150623D3002624BB /* simpleinstrument.pd */ = {isa = PBXFileReference; fileEncoding = 4; lastKnownFileType = text; path = simpleinstrument.pd; sourceTree = "<group>"; };
		BB36870D150623DC002624BB /* filterzero.pd */ = {isa = PBXFileReference; fileEncoding = 4; lastKnownFileType = text; path = filterzero.pd; sourceTree = "<group>"; };
		BB3ACB2D1483E5DD003014D1 /* ImageProcessing.app */ = {isa = PBXFileReference; explicitFileType = wrapper.application; includeInIndex = 0; path = ImageProcessing.app; sourceTree = BUILT_PRODUCTS_DIR; };
		BB3ACB311483E5DD003014D1 /* UIKit.framework */ = {isa = PBXFileReference; lastKnownFileType = wrapper.framework; name = UIKit.framework; path = System/Library/Frameworks/UIKit.framework; sourceTree = SDKROOT; };
		BB3ACB331483E5DD003014D1 /* Foundation.framework */ = {isa = PBXFileReference; lastKnownFileType = wrapper.framework; name = Foundation.framework; path = System/Library/Frameworks/Foundation.framework; sourceTree = SDKROOT; };
		BB3ACB351483E5DD003014D1 /* CoreGraphics.framework */ = {isa = PBXFileReference; lastKnownFileType = wrapper.framework; name = CoreGraphics.framework; path = System/Library/Frameworks/CoreGraphics.framework; sourceTree = SDKROOT; };
		BB3ACB391483E5DD003014D1 /* ImageProcessing-Info.plist */ = {isa = PBXFileReference; lastKnownFileType = text.plist.xml; path = "ImageProcessing-Info.plist"; sourceTree = "<group>"; };
		BB3ACB3B1483E5DD003014D1 /* en */ = {isa = PBXFileReference; lastKnownFileType = text.plist.strings; name = en; path = en.lproj/InfoPlist.strings; sourceTree = "<group>"; };
		BB3ACB3D1483E5DD003014D1 /* main.m */ = {isa = PBXFileReference; lastKnownFileType = sourcecode.c.objc; path = main.m; sourceTree = "<group>"; };
		BB3ACB3F1483E5DD003014D1 /* ImageProcessing-Prefix.pch */ = {isa = PBXFileReference; lastKnownFileType = sourcecode.c.h; path = "ImageProcessing-Prefix.pch"; sourceTree = "<group>"; };
		BB3ACB401483E5DD003014D1 /* AppDelegate.h */ = {isa = PBXFileReference; lastKnownFileType = sourcecode.c.h; path = AppDelegate.h; sourceTree = "<group>"; };
		BB3ACB411483E5DE003014D1 /* AppDelegate.m */ = {isa = PBXFileReference; lastKnownFileType = sourcecode.c.objc; path = AppDelegate.m; sourceTree = "<group>"; };
		BB3ACB431483E5DE003014D1 /* ViewController.h */ = {isa = PBXFileReference; lastKnownFileType = sourcecode.c.h; path = ViewController.h; sourceTree = "<group>"; };
		BB3ACB441483E5DE003014D1 /* ViewController.m */ = {isa = PBXFileReference; lastKnownFileType = sourcecode.c.objc; path = ViewController.m; sourceTree = "<group>"; };
		BB3ACB471483E5DE003014D1 /* en */ = {isa = PBXFileReference; lastKnownFileType = file.xib; name = en; path = en.lproj/ViewController_iPhone.xib; sourceTree = "<group>"; };
		BB3ACB4A1483E5DE003014D1 /* en */ = {isa = PBXFileReference; lastKnownFileType = file.xib; name = en; path = en.lproj/ViewController_iPad.xib; sourceTree = "<group>"; };
		BB3ACB511483E5DE003014D1 /* ImageProcessingTests.octest */ = {isa = PBXFileReference; explicitFileType = wrapper.cfbundle; includeInIndex = 0; path = ImageProcessingTests.octest; sourceTree = BUILT_PRODUCTS_DIR; };
		BB3ACB521483E5DE003014D1 /* SenTestingKit.framework */ = {isa = PBXFileReference; lastKnownFileType = wrapper.framework; name = SenTestingKit.framework; path = Library/Frameworks/SenTestingKit.framework; sourceTree = DEVELOPER_DIR; };
		BB3ACB5A1483E5DE003014D1 /* ImageProcessingTests-Info.plist */ = {isa = PBXFileReference; lastKnownFileType = text.plist.xml; path = "ImageProcessingTests-Info.plist"; sourceTree = "<group>"; };
		BB3ACB5C1483E5DE003014D1 /* en */ = {isa = PBXFileReference; lastKnownFileType = text.plist.strings; name = en; path = en.lproj/InfoPlist.strings; sourceTree = "<group>"; };
		BB3ACB5E1483E5DE003014D1 /* ImageProcessingTests.h */ = {isa = PBXFileReference; lastKnownFileType = sourcecode.c.h; path = ImageProcessingTests.h; sourceTree = "<group>"; };
		BB3ACB5F1483E5DE003014D1 /* ImageProcessingTests.m */ = {isa = PBXFileReference; lastKnownFileType = sourcecode.c.objc; path = ImageProcessingTests.m; sourceTree = "<group>"; };
		BB3ACB691483E614003014D1 /* ImageProperties.h */ = {isa = PBXFileReference; fileEncoding = 4; lastKnownFileType = sourcecode.c.h; path = ImageProperties.h; sourceTree = "<group>"; };
		BB3ACB6A1483E614003014D1 /* ImageProperties.m */ = {isa = PBXFileReference; fileEncoding = 4; lastKnownFileType = sourcecode.c.objc; path = ImageProperties.m; sourceTree = "<group>"; };
		BB3ACB6B1483E614003014D1 /* ImageSlice.h */ = {isa = PBXFileReference; fileEncoding = 4; lastKnownFileType = sourcecode.c.h; path = ImageSlice.h; sourceTree = "<group>"; };
		BB3ACB6C1483E614003014D1 /* ImageSlice.m */ = {isa = PBXFileReference; fileEncoding = 4; lastKnownFileType = sourcecode.c.objc; path = ImageSlice.m; sourceTree = "<group>"; };
		BB46572414CDB41E00318F89 /* Util.h */ = {isa = PBXFileReference; fileEncoding = 4; lastKnownFileType = sourcecode.c.h; path = Util.h; sourceTree = "<group>"; };
		BB46572514CDB41E00318F89 /* Util.m */ = {isa = PBXFileReference; fileEncoding = 4; lastKnownFileType = sourcecode.c.objc; path = Util.m; sourceTree = "<group>"; };
		BB51EF79154E90D800139C27 /* icon.png */ = {isa = PBXFileReference; lastKnownFileType = image.png; path = icon.png; sourceTree = "<group>"; };
		BB51EF7A154E90D800139C27 /* icon@2x.png */ = {isa = PBXFileReference; lastKnownFileType = image.png; path = "icon@2x.png"; sourceTree = "<group>"; };
		BB51EF8A154E94F500139C27 /* savebutton.png */ = {isa = PBXFileReference; lastKnownFileType = image.png; path = savebutton.png; sourceTree = "<group>"; };
		BB51EF8E154E982500139C27 /* Microphone_Icon_clip_art_small.png */ = {isa = PBXFileReference; lastKnownFileType = image.png; path = Microphone_Icon_clip_art_small.png; sourceTree = "<group>"; };
		BB51EF90154E98B400139C27 /* Default.png */ = {isa = PBXFileReference; lastKnownFileType = image.png; path = Default.png; sourceTree = "<group>"; };
		BB51EF92154E98B900139C27 /* Default@2x.png */ = {isa = PBXFileReference; lastKnownFileType = image.png; path = "Default@2x.png"; sourceTree = "<group>"; };
		BB61EB3515455C540000F2FE /* SoundCloudAPI.xcodeproj */ = {isa = PBXFileReference; lastKnownFileType = "wrapper.pb-project"; name = SoundCloudAPI.xcodeproj; path = CocoaSoundCloudAPI/SoundCloudAPI.xcodeproj; sourceTree = "<group>"; };
		BB61EB3E15455C890000F2FE /* SoundCloudUI.xcodeproj */ = {isa = PBXFileReference; lastKnownFileType = "wrapper.pb-project"; name = SoundCloudUI.xcodeproj; path = CocoaSoundCloudUI/SoundCloudUI.xcodeproj; sourceTree = "<group>"; };
		BB61EB4A15455C910000F2FE /* JSONKit.xcodeproj */ = {isa = PBXFileReference; lastKnownFileType = "wrapper.pb-project"; name = JSONKit.xcodeproj; path = JSONKit/JSONKit.xcodeproj; sourceTree = "<group>"; };
		BB61EB5615455C970000F2FE /* OAuth2Client.xcodeproj */ = {isa = PBXFileReference; lastKnownFileType = "wrapper.pb-project"; name = OAuth2Client.xcodeproj; path = OAuth2Client/OAuth2Client.xcodeproj; sourceTree = "<group>"; };
		BB61EB6215455C9D0000F2FE /* OHAttributedLabel.xcodeproj */ = {isa = PBXFileReference; lastKnownFileType = "wrapper.pb-project"; name = OHAttributedLabel.xcodeproj; path = OHAttributedLabel/OHAttributedLabel.xcodeproj; sourceTree = "<group>"; };
		BB61EB7015455D0E0000F2FE /* CoreText.framework */ = {isa = PBXFileReference; lastKnownFileType = wrapper.framework; name = CoreText.framework; path = System/Library/Frameworks/CoreText.framework; sourceTree = SDKROOT; };
		BB61EB7215455D1B0000F2FE /* CoreLocation.framework */ = {isa = PBXFileReference; lastKnownFileType = wrapper.framework; name = CoreLocation.framework; path = System/Library/Frameworks/CoreLocation.framework; sourceTree = SDKROOT; };
		BB61EB7415455D240000F2FE /* AddressBook.framework */ = {isa = PBXFileReference; lastKnownFileType = wrapper.framework; name = AddressBook.framework; path = System/Library/Frameworks/AddressBook.framework; sourceTree = SDKROOT; };
		BB61EB7515455D240000F2FE /* AddressBookUI.framework */ = {isa = PBXFileReference; lastKnownFileType = wrapper.framework; name = AddressBookUI.framework; path = System/Library/Frameworks/AddressBookUI.framework; sourceTree = SDKROOT; };
		BB61EB7815455D2B0000F2FE /* QuartzCore.framework */ = {isa = PBXFileReference; lastKnownFileType = wrapper.framework; name = QuartzCore.framework; path = System/Library/Frameworks/QuartzCore.framework; sourceTree = SDKROOT; };
		BB61EB7A15455D330000F2FE /* Security.framework */ = {isa = PBXFileReference; lastKnownFileType = wrapper.framework; name = Security.framework; path = System/Library/Frameworks/Security.framework; sourceTree = SDKROOT; };
		BB61EBA4154569CC0000F2FE /* SoundCloud.bundle */ = {isa = PBXFileReference; lastKnownFileType = "wrapper.plug-in"; name = SoundCloud.bundle; path = CocoaSoundCloudUI/SoundCloud.bundle; sourceTree = SOURCE_ROOT; };
		BB67251115064D9600D96D0D /* bass.wav */ = {isa = PBXFileReference; lastKnownFileType = audio.wav; path = bass.wav; sourceTree = "<group>"; };
		BB67251215064D9600D96D0D /* hihat.wav */ = {isa = PBXFileReference; lastKnownFileType = audio.wav; path = hihat.wav; sourceTree = "<group>"; };
		BB67251315064D9600D96D0D /* ride.wav */ = {isa = PBXFileReference; lastKnownFileType = audio.wav; path = ride.wav; sourceTree = "<group>"; };
		BB67251415064D9600D96D0D /* snare.wav */ = {isa = PBXFileReference; lastKnownFileType = audio.wav; path = snare.wav; sourceTree = "<group>"; };
		BB67251515064D9600D96D0D /* splash.wav */ = {isa = PBXFileReference; lastKnownFileType = audio.wav; path = splash.wav; sourceTree = "<group>"; };
		BB833785150A5AA000D1E52E /* playbutton.png */ = {isa = PBXFileReference; lastKnownFileType = image.png; path = playbutton.png; sourceTree = "<group>"; };
		BB833787150A5AFB00D1E52E /* stopbutton.png */ = {isa = PBXFileReference; lastKnownFileType = image.png; path = stopbutton.png; sourceTree = "<group>"; };
		BB833789150A5B1A00D1E52E /* replaybutton.png */ = {isa = PBXFileReference; lastKnownFileType = image.png; path = replaybutton.png; sourceTree = "<group>"; };
		BB83378B150A5BF400D1E52E /* pausebutton.png */ = {isa = PBXFileReference; lastKnownFileType = image.png; path = pausebutton.png; sourceTree = "<group>"; };
		BB83BC5714F28F2200226E16 /* polytracker.pd */ = {isa = PBXFileReference; fileEncoding = 4; lastKnownFileType = text; path = polytracker.pd; sourceTree = "<group>"; };
		BB83BC5914F2904D00226E16 /* bell.aiff */ = {isa = PBXFileReference; lastKnownFileType = audio.aiff; path = bell.aiff; sourceTree = "<group>"; };
		BB873A3614DFF77400CE09FA /* ImageProcessing.entitlements */ = {isa = PBXFileReference; lastKnownFileType = text.xml; path = ImageProcessing.entitlements; sourceTree = "<group>"; };
		BB873A5214E9214D00CE09FA /* vocoder.pd */ = {isa = PBXFileReference; fileEncoding = 4; lastKnownFileType = text; path = vocoder.pd; sourceTree = "<group>"; };
		BB873A5414E9215C00CE09FA /* a.wav */ = {isa = PBXFileReference; lastKnownFileType = audio.wav; path = a.wav; sourceTree = "<group>"; };
		BB9AE722148D2868004E608A /* AudioToolbox.framework */ = {isa = PBXFileReference; lastKnownFileType = wrapper.framework; name = AudioToolbox.framework; path = System/Library/Frameworks/AudioToolbox.framework; sourceTree = SDKROOT; };
		BB9AE724148D28DA004E608A /* soundsystem.pd */ = {isa = PBXFileReference; fileEncoding = 4; lastKnownFileType = text; path = soundsystem.pd; sourceTree = "<group>"; };
		BBC0C4E2154ED9630024197E /* camera.png */ = {isa = PBXFileReference; lastKnownFileType = image.png; path = camera.png; sourceTree = "<group>"; };
		BBC0C4E4154EDBCA0024197E /* cameratiny.png */ = {isa = PBXFileReference; lastKnownFileType = image.png; path = cameratiny.png; sourceTree = "<group>"; };
		BBC0C4E5154EDBCA0024197E /* share.png */ = {isa = PBXFileReference; lastKnownFileType = image.png; path = share.png; sourceTree = "<group>"; };
		BBC0C4E8154EE2FA0024197E /* folder.png */ = {isa = PBXFileReference; lastKnownFileType = image.png; path = folder.png; sourceTree = "<group>"; };
		BBCFADCE1517471A00671008 /* InstrumentSelector.h */ = {isa = PBXFileReference; fileEncoding = 4; lastKnownFileType = sourcecode.c.h; path = InstrumentSelector.h; sourceTree = "<group>"; };
		BBCFADCF1517471B00671008 /* InstrumentSelector.m */ = {isa = PBXFileReference; fileEncoding = 4; lastKnownFileType = sourcecode.c.objc; path = InstrumentSelector.m; sourceTree = "<group>"; };
		BBCFADD1151773B500671008 /* ProgressScreen.h */ = {isa = PBXFileReference; fileEncoding = 4; lastKnownFileType = sourcecode.c.h; path = ProgressScreen.h; sourceTree = "<group>"; };
		BBCFADD2151773B500671008 /* ProgressScreen.m */ = {isa = PBXFileReference; fileEncoding = 4; lastKnownFileType = sourcecode.c.objc; path = ProgressScreen.m; sourceTree = "<group>"; };
		BBD1BDA514D2E81200D54C01 /* homeIcon.png */ = {isa = PBXFileReference; lastKnownFileType = image.png; path = homeIcon.png; sourceTree = "<group>"; };
		BBD1BDA714D2E86C00D54C01 /* settingsIcon.png */ = {isa = PBXFileReference; lastKnownFileType = image.png; path = settingsIcon.png; sourceTree = "<group>"; };
		BBD3328214CD7C0900582A54 /* images.jpeg */ = {isa = PBXFileReference; lastKnownFileType = image.jpeg; path = images.jpeg; sourceTree = "<group>"; };
		BBE5ED0414CD817E005DB0DC /* libpd.xcodeproj */ = {isa = PBXFileReference; lastKnownFileType = "wrapper.pb-project"; name = libpd.xcodeproj; path = libpd/libpd.xcodeproj; sourceTree = "<group>"; };
/* End PBXFileReference section */

/* Begin PBXFrameworksBuildPhase section */
		BB3ACB2A1483E5DD003014D1 /* Frameworks */ = {
			isa = PBXFrameworksBuildPhase;
			buildActionMask = 2147483647;
			files = (
				BB61EB7B15455D330000F2FE /* Security.framework in Frameworks */,
				BB61EB7915455D2B0000F2FE /* QuartzCore.framework in Frameworks */,
				BB61EB7615455D240000F2FE /* AddressBook.framework in Frameworks */,
				BB61EB7715455D240000F2FE /* AddressBookUI.framework in Frameworks */,
				BB61EB7315455D1B0000F2FE /* CoreLocation.framework in Frameworks */,
				BB61EB7115455D0E0000F2FE /* CoreText.framework in Frameworks */,
				BB61EB6B15455CFF0000F2FE /* libJSONKit.a in Frameworks */,
				BB61EB6C15455CFF0000F2FE /* libOAuth2Client.a in Frameworks */,
				BB61EB6D15455CFF0000F2FE /* libOHAttributedLabel.a in Frameworks */,
				BB61EB6F15455CFF0000F2FE /* libSoundCloudUI.a in Frameworks */,
				BB2B1350150E443400443348 /* AVFoundation.framework in Frameworks */,
				BB83BC5E14FBC09600226E16 /* libpd-ios.a in Frameworks */,
				BB9AE723148D2868004E608A /* AudioToolbox.framework in Frameworks */,
				BB3ACB321483E5DD003014D1 /* UIKit.framework in Frameworks */,
				BB3ACB341483E5DD003014D1 /* Foundation.framework in Frameworks */,
				BB3ACB361483E5DD003014D1 /* CoreGraphics.framework in Frameworks */,
			);
			runOnlyForDeploymentPostprocessing = 0;
		};
		BB3ACB4D1483E5DE003014D1 /* Frameworks */ = {
			isa = PBXFrameworksBuildPhase;
			buildActionMask = 2147483647;
			files = (
				BB46572314CDAC9300318F89 /* CoreGraphics.framework in Frameworks */,
				BB3ACB531483E5DE003014D1 /* SenTestingKit.framework in Frameworks */,
				BB3ACB541483E5DE003014D1 /* UIKit.framework in Frameworks */,
				BB3ACB551483E5DE003014D1 /* Foundation.framework in Frameworks */,
			);
			runOnlyForDeploymentPostprocessing = 0;
		};
/* End PBXFrameworksBuildPhase section */

/* Begin PBXGroup section */
		BB3ACB221483E5DD003014D1 = {
			isa = PBXGroup;
			children = (
				BB056165154E994800FE1640 /* Default@2x.png */,
				BB056163154E993600FE1640 /* Default.png */,
				BB51EF92154E98B900139C27 /* Default@2x.png */,
				BB51EF90154E98B400139C27 /* Default.png */,
				BB61EB7C15455D6D0000F2FE /* Libs */,
				BB3ACB371483E5DD003014D1 /* ImageProcessing */,
				BB3ACB581483E5DE003014D1 /* ImageProcessingTests */,
				BB3ACB301483E5DD003014D1 /* Frameworks */,
				BB3ACB2E1483E5DD003014D1 /* Products */,
			);
			sourceTree = "<group>";
		};
		BB3ACB2E1483E5DD003014D1 /* Products */ = {
			isa = PBXGroup;
			children = (
				BB3ACB2D1483E5DD003014D1 /* ImageProcessing.app */,
				BB3ACB511483E5DE003014D1 /* ImageProcessingTests.octest */,
			);
			name = Products;
			sourceTree = "<group>";
		};
		BB3ACB301483E5DD003014D1 /* Frameworks */ = {
			isa = PBXGroup;
			children = (
				BB61EB7A15455D330000F2FE /* Security.framework */,
				BB61EB7815455D2B0000F2FE /* QuartzCore.framework */,
				BB61EB7415455D240000F2FE /* AddressBook.framework */,
				BB61EB7515455D240000F2FE /* AddressBookUI.framework */,
				BB61EB7215455D1B0000F2FE /* CoreLocation.framework */,
				BB61EB7015455D0E0000F2FE /* CoreText.framework */,
				BB2B134F150E443400443348 /* AVFoundation.framework */,
				BB9AE722148D2868004E608A /* AudioToolbox.framework */,
				BB3ACB311483E5DD003014D1 /* UIKit.framework */,
				BB3ACB331483E5DD003014D1 /* Foundation.framework */,
				BB3ACB351483E5DD003014D1 /* CoreGraphics.framework */,
				BB3ACB521483E5DE003014D1 /* SenTestingKit.framework */,
			);
			name = Frameworks;
			sourceTree = "<group>";
		};
		BB3ACB371483E5DD003014D1 /* ImageProcessing */ = {
			isa = PBXGroup;
			children = (
				BB3ACB401483E5DD003014D1 /* AppDelegate.h */,
				BB3ACB411483E5DE003014D1 /* AppDelegate.m */,
				BBD1BDA514D2E81200D54C01 /* homeIcon.png */,
				BB873A3614DFF77400CE09FA /* ImageProcessing.entitlements */,
				BB3ACB691483E614003014D1 /* ImageProperties.h */,
				BB3ACB6A1483E614003014D1 /* ImageProperties.m */,
				BBD3328214CD7C0900582A54 /* images.jpeg */,
				BB3ACB6B1483E614003014D1 /* ImageSlice.h */,
				BB3ACB6C1483E614003014D1 /* ImageSlice.m */,
				BBCFADCE1517471A00671008 /* InstrumentSelector.h */,
				BBCFADCF1517471B00671008 /* InstrumentSelector.m */,
				BBCFADD1151773B500671008 /* ProgressScreen.h */,
				BBCFADD2151773B500671008 /* ProgressScreen.m */,
				BBD1BDA714D2E86C00D54C01 /* settingsIcon.png */,
				BB46572414CDB41E00318F89 /* Util.h */,
				BB46572514CDB41E00318F89 /* Util.m */,
				BB3ACB431483E5DE003014D1 /* ViewController.h */,
				BB3ACB441483E5DE003014D1 /* ViewController.m */,
				BB3ACB491483E5DE003014D1 /* ViewController_iPad.xib */,
				BB3ACB461483E5DE003014D1 /* ViewController_iPhone.xib */,
				BB3ACB381483E5DD003014D1 /* Supporting Files */,
			);
			path = ImageProcessing;
			sourceTree = "<group>";
		};
		BB3ACB381483E5DD003014D1 /* Supporting Files */ = {
			isa = PBXGroup;
			children = (
				BBC0C4E8154EE2FA0024197E /* folder.png */,
				BBC0C4E4154EDBCA0024197E /* cameratiny.png */,
				BBC0C4E5154EDBCA0024197E /* share.png */,
				BBC0C4E2154ED9630024197E /* camera.png */,
				BB05616F154EA21000FE1640 /* phototunes.png */,
				BB05616D154EA17D00FE1640 /* simplereplaybuttonblue.png */,
				BB056169154E9BDE00FE1640 /* playbar.png */,
				BB056167154E9AEE00FE1640 /* helpIcon.png */,
				BB51EF8E154E982500139C27 /* Microphone_Icon_clip_art_small.png */,
				BB51EF8A154E94F500139C27 /* savebutton.png */,
				BB51EF79154E90D800139C27 /* icon.png */,
				BB51EF7A154E90D800139C27 /* icon@2x.png */,
				BB61EBA4154569CC0000F2FE /* SoundCloud.bundle */,
				BB83378B150A5BF400D1E52E /* pausebutton.png */,
				BB833789150A5B1A00D1E52E /* replaybutton.png */,
				BB833787150A5AFB00D1E52E /* stopbutton.png */,
				BB833785150A5AA000D1E52E /* playbutton.png */,
				BB67251115064D9600D96D0D /* bass.wav */,
				BB67251215064D9600D96D0D /* hihat.wav */,
				BB67251315064D9600D96D0D /* ride.wav */,
				BB67251415064D9600D96D0D /* snare.wav */,
				BB67251515064D9600D96D0D /* splash.wav */,
				BB05616B154E9DD900FE1640 /* synth.wav */,
				BB36870D150623DC002624BB /* filterzero.pd */,
				BB36870B150623D3002624BB /* simpleinstrument.pd */,
				BB037C26151799FB00DE56C1 /* test2.jpg */,
				BB83BC5914F2904D00226E16 /* bell.aiff */,
				BB83BC5714F28F2200226E16 /* polytracker.pd */,
				BB873A5414E9215C00CE09FA /* a.wav */,
				BB873A5214E9214D00CE09FA /* vocoder.pd */,
				BB9AE724148D28DA004E608A /* soundsystem.pd */,
				BB3ACB391483E5DD003014D1 /* ImageProcessing-Info.plist */,
				BB3ACB3A1483E5DD003014D1 /* InfoPlist.strings */,
				BB3ACB3D1483E5DD003014D1 /* main.m */,
				BB3ACB3F1483E5DD003014D1 /* ImageProcessing-Prefix.pch */,
			);
			name = "Supporting Files";
			sourceTree = "<group>";
		};
		BB3ACB581483E5DE003014D1 /* ImageProcessingTests */ = {
			isa = PBXGroup;
			children = (
				BB3ACB5E1483E5DE003014D1 /* ImageProcessingTests.h */,
				BB3ACB5F1483E5DE003014D1 /* ImageProcessingTests.m */,
				BB3ACB591483E5DE003014D1 /* Supporting Files */,
			);
			path = ImageProcessingTests;
			sourceTree = "<group>";
		};
		BB3ACB591483E5DE003014D1 /* Supporting Files */ = {
			isa = PBXGroup;
			children = (
				BB3ACB5A1483E5DE003014D1 /* ImageProcessingTests-Info.plist */,
				BB3ACB5B1483E5DE003014D1 /* InfoPlist.strings */,
			);
			name = "Supporting Files";
			sourceTree = "<group>";
		};
		BB61EB3F15455C890000F2FE /* Products */ = {
			isa = PBXGroup;
			children = (
				BB61EB4715455C890000F2FE /* libSoundCloudUI.a */,
				BB61EB4915455C890000F2FE /* SoundCloudUI.framework */,
			);
			name = Products;
			sourceTree = "<group>";
		};
		BB61EB4B15455C910000F2FE /* Products */ = {
			isa = PBXGroup;
			children = (
				BB61EB5315455C910000F2FE /* libJSONKit.a */,
				BB61EB5515455C910000F2FE /* JSONKit.framework */,
			);
			name = Products;
			sourceTree = "<group>";
		};
		BB61EB5715455C970000F2FE /* Products */ = {
			isa = PBXGroup;
			children = (
				BB61EB5F15455C970000F2FE /* OAuth2Client.framework */,
				BB61EB6115455C970000F2FE /* libOAuth2Client.a */,
			);
			name = Products;
			sourceTree = "<group>";
		};
		BB61EB6315455C9D0000F2FE /* Products */ = {
			isa = PBXGroup;
			children = (
				BB61EB6A15455C9D0000F2FE /* libOHAttributedLabel.a */,
			);
			name = Products;
			sourceTree = "<group>";
		};
		BB61EB7C15455D6D0000F2FE /* Libs */ = {
			isa = PBXGroup;
			children = (
				BB61EB3515455C540000F2FE /* SoundCloudAPI.xcodeproj */,
				BB61EB6215455C9D0000F2FE /* OHAttributedLabel.xcodeproj */,
				BB61EB5615455C970000F2FE /* OAuth2Client.xcodeproj */,
				BB61EB4A15455C910000F2FE /* JSONKit.xcodeproj */,
				BB61EB3E15455C890000F2FE /* SoundCloudUI.xcodeproj */,
				BBE5ED0414CD817E005DB0DC /* libpd.xcodeproj */,
			);
			name = Libs;
			sourceTree = "<group>";
		};
		BB61EB8F15455D770000F2FE /* Products */ = {
			isa = PBXGroup;
			children = (
				BB61EB9415455D770000F2FE /* SoundCloudAPI.framework */,
				BB61EB9615455D770000F2FE /* libSoundCloudAPI.a */,
			);
			name = Products;
			sourceTree = "<group>";
		};
		BBE5ED0514CD817E005DB0DC /* Products */ = {
			isa = PBXGroup;
			children = (
				BBE5ED0C14CD817E005DB0DC /* libpd-ios.a */,
			);
			name = Products;
			sourceTree = "<group>";
		};
/* End PBXGroup section */

/* Begin PBXNativeTarget section */
		BB3ACB2C1483E5DD003014D1 /* ImageProcessing */ = {
			isa = PBXNativeTarget;
			buildConfigurationList = BB3ACB631483E5DE003014D1 /* Build configuration list for PBXNativeTarget "ImageProcessing" */;
			buildPhases = (
				BB3ACB291483E5DD003014D1 /* Sources */,
				BB3ACB2A1483E5DD003014D1 /* Frameworks */,
				BB3ACB2B1483E5DD003014D1 /* Resources */,
			);
			buildRules = (
			);
			dependencies = (
				BB61EB98154568390000F2FE /* PBXTargetDependency */,
				BB61EB9A154568390000F2FE /* PBXTargetDependency */,
				BB61EB9C154568390000F2FE /* PBXTargetDependency */,
				BB61EB9E154568390000F2FE /* PBXTargetDependency */,
				BB61EBA0154568390000F2FE /* PBXTargetDependency */,
				BB83BC5D14FBC04A00226E16 /* PBXTargetDependency */,
			);
			name = ImageProcessing;
			productName = ImageProcessing;
			productReference = BB3ACB2D1483E5DD003014D1 /* ImageProcessing.app */;
			productType = "com.apple.product-type.application";
		};
		BB3ACB501483E5DE003014D1 /* ImageProcessingTests */ = {
			isa = PBXNativeTarget;
			buildConfigurationList = BB3ACB661483E5DE003014D1 /* Build configuration list for PBXNativeTarget "ImageProcessingTests" */;
			buildPhases = (
				BB3ACB4C1483E5DE003014D1 /* Sources */,
				BB3ACB4D1483E5DE003014D1 /* Frameworks */,
				BB3ACB4E1483E5DE003014D1 /* Resources */,
				BB3ACB4F1483E5DE003014D1 /* ShellScript */,
			);
			buildRules = (
			);
			dependencies = (
				BB3ACB571483E5DE003014D1 /* PBXTargetDependency */,
			);
			name = ImageProcessingTests;
			productName = ImageProcessingTests;
			productReference = BB3ACB511483E5DE003014D1 /* ImageProcessingTests.octest */;
			productType = "com.apple.product-type.bundle";
		};
/* End PBXNativeTarget section */

/* Begin PBXProject section */
		BB3ACB241483E5DD003014D1 /* Project object */ = {
			isa = PBXProject;
			attributes = {
				LastUpgradeCheck = 0430;
			};
			buildConfigurationList = BB3ACB271483E5DD003014D1 /* Build configuration list for PBXProject "ImageProcessing" */;
			compatibilityVersion = "Xcode 3.2";
			developmentRegion = English;
			hasScannedForEncodings = 0;
			knownRegions = (
				en,
			);
			mainGroup = BB3ACB221483E5DD003014D1;
			productRefGroup = BB3ACB2E1483E5DD003014D1 /* Products */;
			projectDirPath = "";
			projectReferences = (
				{
					ProductGroup = BB61EB4B15455C910000F2FE /* Products */;
					ProjectRef = BB61EB4A15455C910000F2FE /* JSONKit.xcodeproj */;
				},
				{
					ProductGroup = BBE5ED0514CD817E005DB0DC /* Products */;
					ProjectRef = BBE5ED0414CD817E005DB0DC /* libpd.xcodeproj */;
				},
				{
					ProductGroup = BB61EB5715455C970000F2FE /* Products */;
					ProjectRef = BB61EB5615455C970000F2FE /* OAuth2Client.xcodeproj */;
				},
				{
					ProductGroup = BB61EB6315455C9D0000F2FE /* Products */;
					ProjectRef = BB61EB6215455C9D0000F2FE /* OHAttributedLabel.xcodeproj */;
				},
				{
					ProductGroup = BB61EB8F15455D770000F2FE /* Products */;
					ProjectRef = BB61EB3515455C540000F2FE /* SoundCloudAPI.xcodeproj */;
				},
				{
					ProductGroup = BB61EB3F15455C890000F2FE /* Products */;
					ProjectRef = BB61EB3E15455C890000F2FE /* SoundCloudUI.xcodeproj */;
				},
			);
			projectRoot = "";
			targets = (
				BB3ACB2C1483E5DD003014D1 /* ImageProcessing */,
				BB3ACB501483E5DE003014D1 /* ImageProcessingTests */,
			);
		};
/* End PBXProject section */

/* Begin PBXReferenceProxy section */
		BB61EB4715455C890000F2FE /* libSoundCloudUI.a */ = {
			isa = PBXReferenceProxy;
			fileType = archive.ar;
			path = libSoundCloudUI.a;
			remoteRef = BB61EB4615455C890000F2FE /* PBXContainerItemProxy */;
			sourceTree = BUILT_PRODUCTS_DIR;
		};
		BB61EB4915455C890000F2FE /* SoundCloudUI.framework */ = {
			isa = PBXReferenceProxy;
			fileType = wrapper.framework;
			path = SoundCloudUI.framework;
			remoteRef = BB61EB4815455C890000F2FE /* PBXContainerItemProxy */;
			sourceTree = BUILT_PRODUCTS_DIR;
		};
		BB61EB5315455C910000F2FE /* libJSONKit.a */ = {
			isa = PBXReferenceProxy;
			fileType = archive.ar;
			path = libJSONKit.a;
			remoteRef = BB61EB5215455C910000F2FE /* PBXContainerItemProxy */;
			sourceTree = BUILT_PRODUCTS_DIR;
		};
		BB61EB5515455C910000F2FE /* JSONKit.framework */ = {
			isa = PBXReferenceProxy;
			fileType = wrapper.framework;
			path = JSONKit.framework;
			remoteRef = BB61EB5415455C910000F2FE /* PBXContainerItemProxy */;
			sourceTree = BUILT_PRODUCTS_DIR;
		};
		BB61EB5F15455C970000F2FE /* OAuth2Client.framework */ = {
			isa = PBXReferenceProxy;
			fileType = wrapper.framework;
			path = OAuth2Client.framework;
			remoteRef = BB61EB5E15455C970000F2FE /* PBXContainerItemProxy */;
			sourceTree = BUILT_PRODUCTS_DIR;
		};
		BB61EB6115455C970000F2FE /* libOAuth2Client.a */ = {
			isa = PBXReferenceProxy;
			fileType = archive.ar;
			path = libOAuth2Client.a;
			remoteRef = BB61EB6015455C970000F2FE /* PBXContainerItemProxy */;
			sourceTree = BUILT_PRODUCTS_DIR;
		};
		BB61EB6A15455C9D0000F2FE /* libOHAttributedLabel.a */ = {
			isa = PBXReferenceProxy;
			fileType = archive.ar;
			path = libOHAttributedLabel.a;
			remoteRef = BB61EB6915455C9D0000F2FE /* PBXContainerItemProxy */;
			sourceTree = BUILT_PRODUCTS_DIR;
		};
		BB61EB9415455D770000F2FE /* SoundCloudAPI.framework */ = {
			isa = PBXReferenceProxy;
			fileType = wrapper.framework;
			path = SoundCloudAPI.framework;
			remoteRef = BB61EB9315455D770000F2FE /* PBXContainerItemProxy */;
			sourceTree = BUILT_PRODUCTS_DIR;
		};
		BB61EB9615455D770000F2FE /* libSoundCloudAPI.a */ = {
			isa = PBXReferenceProxy;
			fileType = archive.ar;
			path = libSoundCloudAPI.a;
			remoteRef = BB61EB9515455D770000F2FE /* PBXContainerItemProxy */;
			sourceTree = BUILT_PRODUCTS_DIR;
		};
		BBE5ED0C14CD817E005DB0DC /* libpd-ios.a */ = {
			isa = PBXReferenceProxy;
			fileType = archive.ar;
			path = "libpd-ios.a";
			remoteRef = BBE5ED0B14CD817E005DB0DC /* PBXContainerItemProxy */;
			sourceTree = BUILT_PRODUCTS_DIR;
		};
/* End PBXReferenceProxy section */

/* Begin PBXResourcesBuildPhase section */
		BB3ACB2B1483E5DD003014D1 /* Resources */ = {
			isa = PBXResourcesBuildPhase;
			buildActionMask = 2147483647;
			files = (
				BB3ACB3C1483E5DD003014D1 /* InfoPlist.strings in Resources */,
				BB3ACB481483E5DE003014D1 /* ViewController_iPhone.xib in Resources */,
				BB3ACB4B1483E5DE003014D1 /* ViewController_iPad.xib in Resources */,
				BB9AE725148D28DA004E608A /* soundsystem.pd in Resources */,
				BBD3328314CD7C0900582A54 /* images.jpeg in Resources */,
				BBD1BDA614D2E81200D54C01 /* homeIcon.png in Resources */,
				BBD1BDA814D2E86C00D54C01 /* settingsIcon.png in Resources */,
				BB873A5314E9214D00CE09FA /* vocoder.pd in Resources */,
				BB873A5514E9215C00CE09FA /* a.wav in Resources */,
				BB83BC5814F28F2200226E16 /* polytracker.pd in Resources */,
				BB83BC5A14F2904D00226E16 /* bell.aiff in Resources */,
				BB36870C150623D3002624BB /* simpleinstrument.pd in Resources */,
				BB36870E150623DC002624BB /* filterzero.pd in Resources */,
				BB67251615064D9600D96D0D /* bass.wav in Resources */,
				BB67251715064D9600D96D0D /* hihat.wav in Resources */,
				BB67251815064D9600D96D0D /* ride.wav in Resources */,
				BB67251915064D9600D96D0D /* snare.wav in Resources */,
				BB67251A15064D9600D96D0D /* splash.wav in Resources */,
				BB833786150A5AA000D1E52E /* playbutton.png in Resources */,
				BB833788150A5AFB00D1E52E /* stopbutton.png in Resources */,
				BB83378A150A5B1A00D1E52E /* replaybutton.png in Resources */,
				BB83378C150A5BF400D1E52E /* pausebutton.png in Resources */,
				BB037C27151799FB00DE56C1 /* test2.jpg in Resources */,
				BB61EBA5154569CC0000F2FE /* SoundCloud.bundle in Resources */,
				BB51EF7C154E90D800139C27 /* icon.png in Resources */,
				BB51EF7D154E90D800139C27 /* icon@2x.png in Resources */,
				BB51EF8B154E94F500139C27 /* savebutton.png in Resources */,
				BB51EF8F154E982500139C27 /* Microphone_Icon_clip_art_small.png in Resources */,
				BB51EF91154E98B400139C27 /* Default.png in Resources */,
				BB51EF93154E98B900139C27 /* Default@2x.png in Resources */,
				BB056164154E993600FE1640 /* Default.png in Resources */,
				BB056166154E994800FE1640 /* Default@2x.png in Resources */,
				BB056168154E9AEE00FE1640 /* helpIcon.png in Resources */,
				BB05616A154E9BDE00FE1640 /* playbar.png in Resources */,
				BB05616C154E9DD900FE1640 /* synth.wav in Resources */,
				BB05616E154EA17D00FE1640 /* simplereplaybuttonblue.png in Resources */,
				BB056170154EA21000FE1640 /* phototunes.png in Resources */,
				BBC0C4E3154ED9630024197E /* camera.png in Resources */,
				BBC0C4E6154EDBCA0024197E /* cameratiny.png in Resources */,
				BBC0C4E7154EDBCA0024197E /* share.png in Resources */,
				BBC0C4E9154EE2FA0024197E /* folder.png in Resources */,
			);
			runOnlyForDeploymentPostprocessing = 0;
		};
		BB3ACB4E1483E5DE003014D1 /* Resources */ = {
			isa = PBXResourcesBuildPhase;
			buildActionMask = 2147483647;
			files = (
				BB3ACB5D1483E5DE003014D1 /* InfoPlist.strings in Resources */,
			);
			runOnlyForDeploymentPostprocessing = 0;
		};
/* End PBXResourcesBuildPhase section */

/* Begin PBXShellScriptBuildPhase section */
		BB3ACB4F1483E5DE003014D1 /* ShellScript */ = {
			isa = PBXShellScriptBuildPhase;
			buildActionMask = 2147483647;
			files = (
			);
			inputPaths = (
			);
			outputPaths = (
			);
			runOnlyForDeploymentPostprocessing = 0;
			shellPath = /bin/sh;
			shellScript = "# Run the unit tests in this test bundle.\n\"${SYSTEM_DEVELOPER_DIR}/Tools/RunUnitTests\"\n";
		};
/* End PBXShellScriptBuildPhase section */

/* Begin PBXSourcesBuildPhase section */
		BB3ACB291483E5DD003014D1 /* Sources */ = {
			isa = PBXSourcesBuildPhase;
			buildActionMask = 2147483647;
			files = (
				BB3ACB3E1483E5DD003014D1 /* main.m in Sources */,
				BB3ACB421483E5DE003014D1 /* AppDelegate.m in Sources */,
				BB3ACB451483E5DE003014D1 /* ViewController.m in Sources */,
				BB3ACB6D1483E614003014D1 /* ImageProperties.m in Sources */,
				BB3ACB6E1483E614003014D1 /* ImageSlice.m in Sources */,
				BB46572614CDB41E00318F89 /* Util.m in Sources */,
				BBCFADD01517471B00671008 /* InstrumentSelector.m in Sources */,
				BBCFADD3151773B500671008 /* ProgressScreen.m in Sources */,
			);
			runOnlyForDeploymentPostprocessing = 0;
		};
		BB3ACB4C1483E5DE003014D1 /* Sources */ = {
			isa = PBXSourcesBuildPhase;
			buildActionMask = 2147483647;
			files = (
				BB3ACB601483E5DE003014D1 /* ImageProcessingTests.m in Sources */,
			);
			runOnlyForDeploymentPostprocessing = 0;
		};
/* End PBXSourcesBuildPhase section */

/* Begin PBXTargetDependency section */
		BB3ACB571483E5DE003014D1 /* PBXTargetDependency */ = {
			isa = PBXTargetDependency;
			target = BB3ACB2C1483E5DD003014D1 /* ImageProcessing */;
			targetProxy = BB3ACB561483E5DE003014D1 /* PBXContainerItemProxy */;
		};
		BB61EB98154568390000F2FE /* PBXTargetDependency */ = {
			isa = PBXTargetDependency;
			name = libSoundCloudUI;
			targetProxy = BB61EB97154568390000F2FE /* PBXContainerItemProxy */;
		};
		BB61EB9A154568390000F2FE /* PBXTargetDependency */ = {
			isa = PBXTargetDependency;
			name = libJSONKit;
			targetProxy = BB61EB99154568390000F2FE /* PBXContainerItemProxy */;
		};
		BB61EB9C154568390000F2FE /* PBXTargetDependency */ = {
			isa = PBXTargetDependency;
			name = OAuth2Client;
			targetProxy = BB61EB9B154568390000F2FE /* PBXContainerItemProxy */;
		};
		BB61EB9E154568390000F2FE /* PBXTargetDependency */ = {
			isa = PBXTargetDependency;
			name = OHAttributedLabel;
			targetProxy = BB61EB9D154568390000F2FE /* PBXContainerItemProxy */;
		};
		BB61EBA0154568390000F2FE /* PBXTargetDependency */ = {
			isa = PBXTargetDependency;
			name = SoundCloudAPI;
			targetProxy = BB61EB9F154568390000F2FE /* PBXContainerItemProxy */;
		};
		BB83BC5D14FBC04A00226E16 /* PBXTargetDependency */ = {
			isa = PBXTargetDependency;
			name = libpd;
			targetProxy = BB83BC5C14FBC04A00226E16 /* PBXContainerItemProxy */;
		};
/* End PBXTargetDependency section */

/* Begin PBXVariantGroup section */
		BB3ACB3A1483E5DD003014D1 /* InfoPlist.strings */ = {
			isa = PBXVariantGroup;
			children = (
				BB3ACB3B1483E5DD003014D1 /* en */,
			);
			name = InfoPlist.strings;
			sourceTree = "<group>";
		};
		BB3ACB461483E5DE003014D1 /* ViewController_iPhone.xib */ = {
			isa = PBXVariantGroup;
			children = (
				BB3ACB471483E5DE003014D1 /* en */,
			);
			name = ViewController_iPhone.xib;
			sourceTree = "<group>";
		};
		BB3ACB491483E5DE003014D1 /* ViewController_iPad.xib */ = {
			isa = PBXVariantGroup;
			children = (
				BB3ACB4A1483E5DE003014D1 /* en */,
			);
			name = ViewController_iPad.xib;
			sourceTree = "<group>";
		};
		BB3ACB5B1483E5DE003014D1 /* InfoPlist.strings */ = {
			isa = PBXVariantGroup;
			children = (
				BB3ACB5C1483E5DE003014D1 /* en */,
			);
			name = InfoPlist.strings;
			sourceTree = "<group>";
		};
/* End PBXVariantGroup section */

/* Begin XCBuildConfiguration section */
		BB3ACB611483E5DE003014D1 /* Debug */ = {
			isa = XCBuildConfiguration;
			buildSettings = {
				ALWAYS_SEARCH_USER_PATHS = NO;
				ARCHS = "$(ARCHS_STANDARD_32_BIT)";
				CLANG_ENABLE_OBJC_ARC = YES;
				CODE_SIGN_IDENTITY = "";
				"CODE_SIGN_IDENTITY[sdk=iphoneos*]" = "";
				COPY_PHASE_STRIP = NO;
				GCC_C_LANGUAGE_STANDARD = gnu99;
				GCC_DYNAMIC_NO_PIC = NO;
				GCC_ENABLE_FLOATING_POINT_LIBRARY_CALLS = NO;
				GCC_ENABLE_SSE3_EXTENSIONS = NO;
				GCC_ENABLE_SSE41_EXTENSIONS = NO;
				GCC_ENABLE_SSE42_EXTENSIONS = NO;
				GCC_ENABLE_SUPPLEMENTAL_SSE3_INSTRUCTIONS = NO;
				GCC_FAST_MATH = YES;
				GCC_OPTIMIZATION_LEVEL = 0;
				GCC_PREPROCESSOR_DEFINITIONS = (
					"DEBUG=1",
					"$(inherited)",
				);
				GCC_SYMBOLS_PRIVATE_EXTERN = NO;
				GCC_VERSION = com.apple.compilers.llvm.clang.1_0;
				GCC_WARN_ABOUT_MISSING_PROTOTYPES = YES;
				GCC_WARN_ABOUT_RETURN_TYPE = YES;
				GCC_WARN_UNUSED_VARIABLE = YES;
				HEADER_SEARCH_PATHS = "";
				INSTALL_PATH = /Applications;
				IPHONEOS_DEPLOYMENT_TARGET = 3.0;
				LLVM_LTO = NO;
				SDKROOT = iphoneos;
				TARGETED_DEVICE_FAMILY = "1,2";
			};
			name = Debug;
		};
		BB3ACB621483E5DE003014D1 /* Release */ = {
			isa = XCBuildConfiguration;
			buildSettings = {
				ALWAYS_SEARCH_USER_PATHS = NO;
				ARCHS = "$(ARCHS_STANDARD_32_BIT)";
				CLANG_ENABLE_OBJC_ARC = YES;
				CODE_SIGN_IDENTITY = "";
				"CODE_SIGN_IDENTITY[sdk=iphoneos*]" = "";
				COPY_PHASE_STRIP = YES;
				GCC_C_LANGUAGE_STANDARD = gnu99;
				GCC_ENABLE_FLOATING_POINT_LIBRARY_CALLS = NO;
				GCC_ENABLE_SSE3_EXTENSIONS = NO;
				GCC_ENABLE_SSE41_EXTENSIONS = NO;
				GCC_ENABLE_SSE42_EXTENSIONS = NO;
				GCC_ENABLE_SUPPLEMENTAL_SSE3_INSTRUCTIONS = NO;
				GCC_FAST_MATH = YES;
				GCC_OPTIMIZATION_LEVEL = 3;
				GCC_VERSION = com.apple.compilers.llvm.clang.1_0;
				GCC_WARN_ABOUT_MISSING_PROTOTYPES = YES;
				GCC_WARN_ABOUT_RETURN_TYPE = YES;
				GCC_WARN_UNUSED_VARIABLE = YES;
				HEADER_SEARCH_PATHS = "";
				INSTALL_PATH = /Applications;
				IPHONEOS_DEPLOYMENT_TARGET = 3.0;
				LLVM_LTO = NO;
				OTHER_CFLAGS = "-DNS_BLOCK_ASSERTIONS=1";
				SDKROOT = iphoneos;
				TARGETED_DEVICE_FAMILY = "1,2";
				VALIDATE_PRODUCT = YES;
			};
			name = Release;
		};
		BB3ACB641483E5DE003014D1 /* Debug */ = {
			isa = XCBuildConfiguration;
			buildSettings = {
				CODE_SIGN_IDENTITY = "iPhone Developer: David Morris (GLQ83WZ2NR)";
				GCC_PRECOMPILE_PREFIX_HEADER = YES;
				GCC_PREFIX_HEADER = "ImageProcessing/ImageProcessing-Prefix.pch";
				HEADER_SEARCH_PATHS = (
					"./libpd/objc/**",
					"./CocoaSoundCloudUI/**",
					"./OHAttributedLabel/**",
					"./OAuth2Client/**",
					"./JSONKit/**",
					"./CocoaSoundCloudAPI/**",
				);
				INFOPLIST_FILE = "ImageProcessing/ImageProcessing-Info.plist";
				IPHONEOS_DEPLOYMENT_TARGET = 4.3;
				OTHER_LDFLAGS = (
					"-all_load",
					"-ObjC",
				);
				PRODUCT_NAME = "$(TARGET_NAME)";
				WRAPPER_EXTENSION = app;
			};
			name = Debug;
		};
		BB3ACB651483E5DE003014D1 /* Release */ = {
			isa = XCBuildConfiguration;
			buildSettings = {
				CODE_SIGN_IDENTITY = "iPhone Developer: David Morris (GLQ83WZ2NR)";
				"CODE_SIGN_IDENTITY[sdk=iphoneos*]" = "iPhone Developer: David Morris (GLQ83WZ2NR)";
				GCC_OPTIMIZATION_LEVEL = 3;
				GCC_PRECOMPILE_PREFIX_HEADER = YES;
				GCC_PREFIX_HEADER = "ImageProcessing/ImageProcessing-Prefix.pch";
				GCC_SYMBOLS_PRIVATE_EXTERN = YES;
				HEADER_SEARCH_PATHS = (
					"./libpd/objc/**",
					"./CocoaSoundCloudUI/**",
					"./OHAttributedLabel/**",
					"./OAuth2Client/**",
					"./JSONKit/**",
					"./CocoaSoundCloudAPI/**",
				);
				INFOPLIST_FILE = "ImageProcessing/ImageProcessing-Info.plist";
				IPHONEOS_DEPLOYMENT_TARGET = 4.3;
				LLVM_LTO = NO;
				OTHER_LDFLAGS = (
					"-all_load",
					"-ObjC",
				);
				PRODUCT_NAME = "$(TARGET_NAME)";
				"PROVISIONING_PROFILE[sdk=iphoneos*]" = "ED122D8E-B488-4842-9C40-668D600F2BE0";
				WRAPPER_EXTENSION = app;
			};
			name = Release;
		};
		BB3ACB671483E5DE003014D1 /* Debug */ = {
			isa = XCBuildConfiguration;
			buildSettings = {
				BUNDLE_LOADER = "$(BUILT_PRODUCTS_DIR)/ImageProcessing.app/ImageProcessing";
				FRAMEWORK_SEARCH_PATHS = (
					"$(SDKROOT)/Developer/Library/Frameworks",
					"$(DEVELOPER_LIBRARY_DIR)/Frameworks",
				);
				GCC_PRECOMPILE_PREFIX_HEADER = YES;
				GCC_PREFIX_HEADER = "ImageProcessing/ImageProcessing-Prefix.pch";
				HEADER_SEARCH_PATHS = "../pd-for-ios/libpd/objc/**";
				INFOPLIST_FILE = "ImageProcessingTests/ImageProcessingTests-Info.plist";
				PRODUCT_NAME = "$(TARGET_NAME)";
				TEST_HOST = "$(BUNDLE_LOADER)";
				USER_HEADER_SEARCH_PATHS = "";
				WRAPPER_EXTENSION = octest;
			};
			name = Debug;
		};
		BB3ACB681483E5DE003014D1 /* Release */ = {
			isa = XCBuildConfiguration;
			buildSettings = {
				BUNDLE_LOADER = "$(BUILT_PRODUCTS_DIR)/ImageProcessing.app/ImageProcessing";
				FRAMEWORK_SEARCH_PATHS = (
					"$(SDKROOT)/Developer/Library/Frameworks",
					"$(DEVELOPER_LIBRARY_DIR)/Frameworks",
				);
				GCC_PRECOMPILE_PREFIX_HEADER = YES;
				GCC_PREFIX_HEADER = "ImageProcessing/ImageProcessing-Prefix.pch";
				HEADER_SEARCH_PATHS = "../pd-for-ios/libpd/objc/**";
				INFOPLIST_FILE = "ImageProcessingTests/ImageProcessingTests-Info.plist";
				PRODUCT_NAME = "$(TARGET_NAME)";
				TEST_HOST = "$(BUNDLE_LOADER)";
				USER_HEADER_SEARCH_PATHS = "";
				WRAPPER_EXTENSION = octest;
			};
			name = Release;
		};
		BB873A3714E00F6200CE09FA /* Package */ = {
			isa = XCBuildConfiguration;
			buildSettings = {
				ALWAYS_SEARCH_USER_PATHS = NO;
				ARCHS = "$(ARCHS_STANDARD_32_BIT)";
				CLANG_ENABLE_OBJC_ARC = YES;
				CODE_SIGN_IDENTITY = "";
				"CODE_SIGN_IDENTITY[sdk=iphoneos*]" = "iPhone Distribution: University of Hull";
				COPY_PHASE_STRIP = YES;
				GCC_C_LANGUAGE_STANDARD = gnu99;
				GCC_ENABLE_FLOATING_POINT_LIBRARY_CALLS = NO;
				GCC_ENABLE_SSE3_EXTENSIONS = NO;
				GCC_ENABLE_SSE41_EXTENSIONS = NO;
				GCC_ENABLE_SSE42_EXTENSIONS = NO;
				GCC_ENABLE_SUPPLEMENTAL_SSE3_INSTRUCTIONS = NO;
				GCC_FAST_MATH = YES;
				GCC_OPTIMIZATION_LEVEL = 3;
				GCC_VERSION = com.apple.compilers.llvm.clang.1_0;
				GCC_WARN_ABOUT_MISSING_PROTOTYPES = YES;
				GCC_WARN_ABOUT_RETURN_TYPE = YES;
				GCC_WARN_UNUSED_VARIABLE = YES;
				HEADER_SEARCH_PATHS = "";
				INSTALL_PATH = /Applications;
				IPHONEOS_DEPLOYMENT_TARGET = 3.0;
				LLVM_LTO = NO;
				OTHER_CFLAGS = "-DNS_BLOCK_ASSERTIONS=1";
				"PROVISIONING_PROFILE[sdk=iphoneos*]" = "5ED5365F-0387-453B-863A-9F1FC1166914";
				SDKROOT = iphoneos;
				TARGETED_DEVICE_FAMILY = "1,2";
				VALIDATE_PRODUCT = YES;
			};
			name = Package;
		};
		BB873A3814E00F6200CE09FA /* Package */ = {
			isa = XCBuildConfiguration;
			buildSettings = {
				CODE_SIGN_IDENTITY = "iPhone Distribution: University of Hull";
				"CODE_SIGN_IDENTITY[sdk=iphoneos*]" = "iPhone Distribution: University of Hull";
				GCC_PRECOMPILE_PREFIX_HEADER = YES;
				GCC_PREFIX_HEADER = "ImageProcessing/ImageProcessing-Prefix.pch";
				HEADER_SEARCH_PATHS = (
					"./libpd/objc/**",
					"./CocoaSoundCloudUI/**",
					"./OHAttributedLabel/**",
					"./OAuth2Client/**",
					"./JSONKit/**",
					"./CocoaSoundCloudAPI/**",
				);
				INFOPLIST_FILE = "ImageProcessing/ImageProcessing-Info.plist";
				IPHONEOS_DEPLOYMENT_TARGET = 4.3;
				LLVM_LTO = NO;
				OTHER_LDFLAGS = (
					"-all_load",
					"-ObjC",
				);
				PRODUCT_NAME = "$(TARGET_NAME)";
				PROVISIONING_PROFILE = "5ED5365F-0387-453B-863A-9F1FC1166914";
				"PROVISIONING_PROFILE[sdk=iphoneos*]" = "5ED5365F-0387-453B-863A-9F1FC1166914";
				WRAPPER_EXTENSION = app;
			};
			name = Package;
		};
		BB873A3914E00F6200CE09FA /* Package */ = {
			isa = XCBuildConfiguration;
			buildSettings = {
				BUNDLE_LOADER = "$(BUILT_PRODUCTS_DIR)/ImageProcessing.app/ImageProcessing";
				FRAMEWORK_SEARCH_PATHS = (
					"$(SDKROOT)/Developer/Library/Frameworks",
					"$(DEVELOPER_LIBRARY_DIR)/Frameworks",
				);
				GCC_PRECOMPILE_PREFIX_HEADER = YES;
				GCC_PREFIX_HEADER = "ImageProcessing/ImageProcessing-Prefix.pch";
				HEADER_SEARCH_PATHS = "../pd-for-ios/libpd/objc/**";
				INFOPLIST_FILE = "ImageProcessingTests/ImageProcessingTests-Info.plist";
				PRODUCT_NAME = "$(TARGET_NAME)";
				TEST_HOST = "$(BUNDLE_LOADER)";
				USER_HEADER_SEARCH_PATHS = "";
				WRAPPER_EXTENSION = octest;
			};
			name = Package;
		};
/* End XCBuildConfiguration section */

/* Begin XCConfigurationList section */
		BB3ACB271483E5DD003014D1 /* Build configuration list for PBXProject "ImageProcessing" */ = {
			isa = XCConfigurationList;
			buildConfigurations = (
				BB3ACB611483E5DE003014D1 /* Debug */,
				BB3ACB621483E5DE003014D1 /* Release */,
				BB873A3714E00F6200CE09FA /* Package */,
			);
			defaultConfigurationIsVisible = 0;
			defaultConfigurationName = Release;
		};
		BB3ACB631483E5DE003014D1 /* Build configuration list for PBXNativeTarget "ImageProcessing" */ = {
			isa = XCConfigurationList;
			buildConfigurations = (
				BB3ACB641483E5DE003014D1 /* Debug */,
				BB3ACB651483E5DE003014D1 /* Release */,
				BB873A3814E00F6200CE09FA /* Package */,
			);
			defaultConfigurationIsVisible = 0;
			defaultConfigurationName = Release;
		};
		BB3ACB661483E5DE003014D1 /* Build configuration list for PBXNativeTarget "ImageProcessingTests" */ = {
			isa = XCConfigurationList;
			buildConfigurations = (
				BB3ACB671483E5DE003014D1 /* Debug */,
				BB3ACB681483E5DE003014D1 /* Release */,
				BB873A3914E00F6200CE09FA /* Package */,
			);
			defaultConfigurationIsVisible = 0;
			defaultConfigurationName = Release;
		};
/* End XCConfigurationList section */
	};
	rootObject = BB3ACB241483E5DD003014D1 /* Project object */;
}
